// !$*UTF8*$!
{
	archiveVersion = 1;
	classes = {
	};
	objectVersion = 55;
	objects = {

/* Begin PBXBuildFile section */
		241390D728C1DD8500FA1810 /* AppDelegate.swift in Sources */ = {isa = PBXBuildFile; fileRef = 241390D628C1DD8500FA1810 /* AppDelegate.swift */; };
		241390D928C1DD8500FA1810 /* SceneDelegate.swift in Sources */ = {isa = PBXBuildFile; fileRef = 241390D828C1DD8500FA1810 /* SceneDelegate.swift */; };
		241390E128C1DD8500FA1810 /* mohano.xcdatamodeld in Sources */ = {isa = PBXBuildFile; fileRef = 241390DF28C1DD8500FA1810 /* mohano.xcdatamodeld */; };
		241390E328C1DD8600FA1810 /* Assets.xcassets in Resources */ = {isa = PBXBuildFile; fileRef = 241390E228C1DD8600FA1810 /* Assets.xcassets */; };
		241390E628C1DD8600FA1810 /* LaunchScreen.storyboard in Resources */ = {isa = PBXBuildFile; fileRef = 241390E428C1DD8600FA1810 /* LaunchScreen.storyboard */; };
		241390F128C1DD8700FA1810 /* mohasemTests.swift in Sources */ = {isa = PBXBuildFile; fileRef = 241390F028C1DD8700FA1810 /* mohasemTests.swift */; };
		241390FB28C1DD8700FA1810 /* mohasemUITests.swift in Sources */ = {isa = PBXBuildFile; fileRef = 241390FA28C1DD8700FA1810 /* mohasemUITests.swift */; };
		241390FD28C1DD8700FA1810 /* mohasemUITestsLaunchTests.swift in Sources */ = {isa = PBXBuildFile; fileRef = 241390FC28C1DD8700FA1810 /* mohasemUITestsLaunchTests.swift */; };
		2413910F28C1E07C00FA1810 /* MainVc.swift in Sources */ = {isa = PBXBuildFile; fileRef = 2413910E28C1E07C00FA1810 /* MainVc.swift */; };
		2413911128C1E09A00FA1810 /* MainReactor.swift in Sources */ = {isa = PBXBuildFile; fileRef = 2413911028C1E09A00FA1810 /* MainReactor.swift */; };
		2413911328C3504C00FA1810 /* GreetingsView.swift in Sources */ = {isa = PBXBuildFile; fileRef = 2413911228C3504C00FA1810 /* GreetingsView.swift */; };
		2413911528C3509F00FA1810 /* Weather.swift in Sources */ = {isa = PBXBuildFile; fileRef = 2413911428C3509F00FA1810 /* Weather.swift */; };
		2413911C28C3549600FA1810 /* UIImageView+.swift in Sources */ = {isa = PBXBuildFile; fileRef = 2413911B28C3549600FA1810 /* UIImageView+.swift */; };
		2413911E28C576B900FA1810 /* HomeVc.swift in Sources */ = {isa = PBXBuildFile; fileRef = 2413911D28C576B900FA1810 /* HomeVc.swift */; };
		2413912028C5772300FA1810 /* HomeReactor.swift in Sources */ = {isa = PBXBuildFile; fileRef = 2413911F28C5772300FA1810 /* HomeReactor.swift */; };
		2413912228C577FE00FA1810 /* Scenes.swift in Sources */ = {isa = PBXBuildFile; fileRef = 2413912128C577FE00FA1810 /* Scenes.swift */; };
		24599F2228C625E800AB62AD /* PostView.swift in Sources */ = {isa = PBXBuildFile; fileRef = 24599F2128C625E800AB62AD /* PostView.swift */; };
		24599F2428C6263500AB62AD /* Post.swift in Sources */ = {isa = PBXBuildFile; fileRef = 24599F2328C6263500AB62AD /* Post.swift */; };
		24599F2828C73E1300AB62AD /* Date+.swift in Sources */ = {isa = PBXBuildFile; fileRef = 24599F2728C73E1300AB62AD /* Date+.swift */; };
		24599F2A28C8224600AB62AD /* GroupView.swift in Sources */ = {isa = PBXBuildFile; fileRef = 24599F2928C8224600AB62AD /* GroupView.swift */; };
		24599F2C28C875FB00AB62AD /* PostBoard.swift in Sources */ = {isa = PBXBuildFile; fileRef = 24599F2B28C875FB00AB62AD /* PostBoard.swift */; };
		24599F2F28C87B7A00AB62AD /* ScribbleView.swift in Sources */ = {isa = PBXBuildFile; fileRef = 24599F2E28C87B7A00AB62AD /* ScribbleView.swift */; };
		24599F3128C87B8200AB62AD /* ScribbleBoard.swift in Sources */ = {isa = PBXBuildFile; fileRef = 24599F3028C87B8200AB62AD /* ScribbleBoard.swift */; };
		24599F3328C88F5400AB62AD /* Scribble.swift in Sources */ = {isa = PBXBuildFile; fileRef = 24599F3228C88F5400AB62AD /* Scribble.swift */; };
		24599F3528CD550100AB62AD /* SigninVc.swift in Sources */ = {isa = PBXBuildFile; fileRef = 24599F3428CD550100AB62AD /* SigninVc.swift */; };
		24599F3728CD562B00AB62AD /* SigninReactor.swift in Sources */ = {isa = PBXBuildFile; fileRef = 24599F3628CD562B00AB62AD /* SigninReactor.swift */; };
		24599F3E28CD77F300AB62AD /* UnderlineTextField.swift in Sources */ = {isa = PBXBuildFile; fileRef = 24599F3D28CD77F300AB62AD /* UnderlineTextField.swift */; };
		24599F4028D1C23C00AB62AD /* KOTRA-HOPE.ttf in Resources */ = {isa = PBXBuildFile; fileRef = 24599F3F28D1C23C00AB62AD /* KOTRA-HOPE.ttf */; };
		247F4A4428D2BDD20021E38C /* Auth.swift in Sources */ = {isa = PBXBuildFile; fileRef = 247F4A4328D2BDD20021E38C /* Auth.swift */; };
		24B5810F28D41E1C0082A1E2 /* SceneCoordinator.swift in Sources */ = {isa = PBXBuildFile; fileRef = 24B5810E28D41E1C0082A1E2 /* SceneCoordinator.swift */; };
		24B5811328D421220082A1E2 /* UIViewController+.swift in Sources */ = {isa = PBXBuildFile; fileRef = 24B5811228D421220082A1E2 /* UIViewController+.swift */; };
		24B5811528D42C3A0082A1E2 /* Transition.swift in Sources */ = {isa = PBXBuildFile; fileRef = 24B5811428D42C3A0082A1E2 /* Transition.swift */; };
		24DA4C3828D94D46003D6132 /* PostsVc.swift in Sources */ = {isa = PBXBuildFile; fileRef = 24DA4C3728D94D46003D6132 /* PostsVc.swift */; };
		24DA4C3A28D94D66003D6132 /* PostsReactor.swift in Sources */ = {isa = PBXBuildFile; fileRef = 24DA4C3928D94D66003D6132 /* PostsReactor.swift */; };
		24DA4C3C28D9AAF6003D6132 /* UIView+.swift in Sources */ = {isa = PBXBuildFile; fileRef = 24DA4C3B28D9AAF6003D6132 /* UIView+.swift */; };
		24F1322F28DBF51E00F132A3 /* ScribbleVc.swift in Sources */ = {isa = PBXBuildFile; fileRef = 24F1322E28DBF51E00F132A3 /* ScribbleVc.swift */; };
		24F1323128DBF55500F132A3 /* ScribbleReactor.swift in Sources */ = {isa = PBXBuildFile; fileRef = 24F1323028DBF55500F132A3 /* ScribbleReactor.swift */; };
		24F1323428E06F5000F132A3 /* UIScrollview+.swift in Sources */ = {isa = PBXBuildFile; fileRef = 24F1323328E06F5000F132A3 /* UIScrollview+.swift */; };
		537FD32E2A359D14362FBF86 /* Pods_mohasem.framework in Frameworks */ = {isa = PBXBuildFile; fileRef = B8950A63F3FFF9786DB2598A /* Pods_mohasem.framework */; };
		8B7F6BDB8479BCAD65AC6B54 /* Pods_mohasemTests.framework in Frameworks */ = {isa = PBXBuildFile; fileRef = 6983E14B82059BC93F016C5E /* Pods_mohasemTests.framework */; };
		BD5D043C353C37B311E1A558 /* Pods_mohasem_mohasemUITests.framework in Frameworks */ = {isa = PBXBuildFile; fileRef = 028A0146AC60FA7A20A13884 /* Pods_mohasem_mohasemUITests.framework */; };
/* End PBXBuildFile section */

/* Begin PBXContainerItemProxy section */
		241390ED28C1DD8700FA1810 /* PBXContainerItemProxy */ = {
			isa = PBXContainerItemProxy;
			containerPortal = 241390CB28C1DD8500FA1810 /* Project object */;
			proxyType = 1;
			remoteGlobalIDString = 241390D228C1DD8500FA1810;
			remoteInfo = mohano;
		};
		241390F728C1DD8700FA1810 /* PBXContainerItemProxy */ = {
			isa = PBXContainerItemProxy;
			containerPortal = 241390CB28C1DD8500FA1810 /* Project object */;
			proxyType = 1;
			remoteGlobalIDString = 241390D228C1DD8500FA1810;
			remoteInfo = mohano;
		};
/* End PBXContainerItemProxy section */

/* Begin PBXFileReference section */
		028A0146AC60FA7A20A13884 /* Pods_mohasem_mohasemUITests.framework */ = {isa = PBXFileReference; explicitFileType = wrapper.framework; includeInIndex = 0; path = Pods_mohasem_mohasemUITests.framework; sourceTree = BUILT_PRODUCTS_DIR; };
		0400D9AE3BDC23406FF8B5FA /* Pods-mohasem.release.xcconfig */ = {isa = PBXFileReference; includeInIndex = 1; lastKnownFileType = text.xcconfig; name = "Pods-mohasem.release.xcconfig"; path = "Target Support Files/Pods-mohasem/Pods-mohasem.release.xcconfig"; sourceTree = "<group>"; };
		0F0EF128F85E835F3B1C9BA9 /* Pods-mohasem-mohasemUITests.debug.xcconfig */ = {isa = PBXFileReference; includeInIndex = 1; lastKnownFileType = text.xcconfig; name = "Pods-mohasem-mohasemUITests.debug.xcconfig"; path = "Target Support Files/Pods-mohasem-mohasemUITests/Pods-mohasem-mohasemUITests.debug.xcconfig"; sourceTree = "<group>"; };
		241390D328C1DD8500FA1810 /* mohasem.app */ = {isa = PBXFileReference; explicitFileType = wrapper.application; includeInIndex = 0; path = mohasem.app; sourceTree = BUILT_PRODUCTS_DIR; };
		241390D628C1DD8500FA1810 /* AppDelegate.swift */ = {isa = PBXFileReference; lastKnownFileType = sourcecode.swift; path = AppDelegate.swift; sourceTree = "<group>"; };
		241390D828C1DD8500FA1810 /* SceneDelegate.swift */ = {isa = PBXFileReference; lastKnownFileType = sourcecode.swift; path = SceneDelegate.swift; sourceTree = "<group>"; };
		241390E028C1DD8500FA1810 /* mohano.xcdatamodel */ = {isa = PBXFileReference; lastKnownFileType = wrapper.xcdatamodel; path = mohano.xcdatamodel; sourceTree = "<group>"; };
		241390E228C1DD8600FA1810 /* Assets.xcassets */ = {isa = PBXFileReference; lastKnownFileType = folder.assetcatalog; path = Assets.xcassets; sourceTree = "<group>"; };
		241390E528C1DD8600FA1810 /* Base */ = {isa = PBXFileReference; lastKnownFileType = file.storyboard; name = Base; path = Base.lproj/LaunchScreen.storyboard; sourceTree = "<group>"; };
		241390E728C1DD8600FA1810 /* Info.plist */ = {isa = PBXFileReference; lastKnownFileType = text.plist.xml; path = Info.plist; sourceTree = "<group>"; };
		241390EC28C1DD8700FA1810 /* mohasemTests.xctest */ = {isa = PBXFileReference; explicitFileType = wrapper.cfbundle; includeInIndex = 0; path = mohasemTests.xctest; sourceTree = BUILT_PRODUCTS_DIR; };
		241390F028C1DD8700FA1810 /* mohasemTests.swift */ = {isa = PBXFileReference; lastKnownFileType = sourcecode.swift; path = mohasemTests.swift; sourceTree = "<group>"; };
		241390F628C1DD8700FA1810 /* mohasemUITests.xctest */ = {isa = PBXFileReference; explicitFileType = wrapper.cfbundle; includeInIndex = 0; path = mohasemUITests.xctest; sourceTree = BUILT_PRODUCTS_DIR; };
		241390FA28C1DD8700FA1810 /* mohasemUITests.swift */ = {isa = PBXFileReference; lastKnownFileType = sourcecode.swift; path = mohasemUITests.swift; sourceTree = "<group>"; };
		241390FC28C1DD8700FA1810 /* mohasemUITestsLaunchTests.swift */ = {isa = PBXFileReference; lastKnownFileType = sourcecode.swift; path = mohasemUITestsLaunchTests.swift; sourceTree = "<group>"; };
		2413910E28C1E07C00FA1810 /* MainVc.swift */ = {isa = PBXFileReference; lastKnownFileType = sourcecode.swift; path = MainVc.swift; sourceTree = "<group>"; };
		2413911028C1E09A00FA1810 /* MainReactor.swift */ = {isa = PBXFileReference; lastKnownFileType = sourcecode.swift; path = MainReactor.swift; sourceTree = "<group>"; };
		2413911228C3504C00FA1810 /* GreetingsView.swift */ = {isa = PBXFileReference; lastKnownFileType = sourcecode.swift; path = GreetingsView.swift; sourceTree = "<group>"; };
		2413911428C3509F00FA1810 /* Weather.swift */ = {isa = PBXFileReference; lastKnownFileType = sourcecode.swift; path = Weather.swift; sourceTree = "<group>"; };
		2413911B28C3549600FA1810 /* UIImageView+.swift */ = {isa = PBXFileReference; fileEncoding = 4; lastKnownFileType = sourcecode.swift; path = "UIImageView+.swift"; sourceTree = "<group>"; };
		2413911D28C576B900FA1810 /* HomeVc.swift */ = {isa = PBXFileReference; lastKnownFileType = sourcecode.swift; path = HomeVc.swift; sourceTree = "<group>"; };
		2413911F28C5772300FA1810 /* HomeReactor.swift */ = {isa = PBXFileReference; lastKnownFileType = sourcecode.swift; path = HomeReactor.swift; sourceTree = "<group>"; };
		2413912128C577FE00FA1810 /* Scenes.swift */ = {isa = PBXFileReference; fileEncoding = 4; lastKnownFileType = sourcecode.swift; path = Scenes.swift; sourceTree = "<group>"; };
		24599F2128C625E800AB62AD /* PostView.swift */ = {isa = PBXFileReference; lastKnownFileType = sourcecode.swift; path = PostView.swift; sourceTree = "<group>"; };
		24599F2328C6263500AB62AD /* Post.swift */ = {isa = PBXFileReference; lastKnownFileType = sourcecode.swift; path = Post.swift; sourceTree = "<group>"; };
		24599F2728C73E1300AB62AD /* Date+.swift */ = {isa = PBXFileReference; lastKnownFileType = sourcecode.swift; path = "Date+.swift"; sourceTree = "<group>"; };
		24599F2928C8224600AB62AD /* GroupView.swift */ = {isa = PBXFileReference; lastKnownFileType = sourcecode.swift; name = GroupView.swift; path = mohasem/Items/GroupView.swift; sourceTree = SOURCE_ROOT; };
		24599F2B28C875FB00AB62AD /* PostBoard.swift */ = {isa = PBXFileReference; lastKnownFileType = sourcecode.swift; path = PostBoard.swift; sourceTree = "<group>"; };
		24599F2E28C87B7A00AB62AD /* ScribbleView.swift */ = {isa = PBXFileReference; lastKnownFileType = sourcecode.swift; path = ScribbleView.swift; sourceTree = "<group>"; };
		24599F3028C87B8200AB62AD /* ScribbleBoard.swift */ = {isa = PBXFileReference; lastKnownFileType = sourcecode.swift; path = ScribbleBoard.swift; sourceTree = "<group>"; };
		24599F3228C88F5400AB62AD /* Scribble.swift */ = {isa = PBXFileReference; lastKnownFileType = sourcecode.swift; path = Scribble.swift; sourceTree = "<group>"; };
		24599F3428CD550100AB62AD /* SigninVc.swift */ = {isa = PBXFileReference; lastKnownFileType = sourcecode.swift; path = SigninVc.swift; sourceTree = "<group>"; };
		24599F3628CD562B00AB62AD /* SigninReactor.swift */ = {isa = PBXFileReference; lastKnownFileType = sourcecode.swift; path = SigninReactor.swift; sourceTree = "<group>"; };
		24599F3D28CD77F300AB62AD /* UnderlineTextField.swift */ = {isa = PBXFileReference; lastKnownFileType = sourcecode.swift; path = UnderlineTextField.swift; sourceTree = "<group>"; };
		24599F3F28D1C23C00AB62AD /* KOTRA-HOPE.ttf */ = {isa = PBXFileReference; lastKnownFileType = file; path = "KOTRA-HOPE.ttf"; sourceTree = "<group>"; };
		247F4A4328D2BDD20021E38C /* Auth.swift */ = {isa = PBXFileReference; lastKnownFileType = sourcecode.swift; path = Auth.swift; sourceTree = "<group>"; };
		24B5810E28D41E1C0082A1E2 /* SceneCoordinator.swift */ = {isa = PBXFileReference; lastKnownFileType = sourcecode.swift; path = SceneCoordinator.swift; sourceTree = "<group>"; };
		24B5811228D421220082A1E2 /* UIViewController+.swift */ = {isa = PBXFileReference; lastKnownFileType = sourcecode.swift; path = "UIViewController+.swift"; sourceTree = "<group>"; };
		24B5811428D42C3A0082A1E2 /* Transition.swift */ = {isa = PBXFileReference; lastKnownFileType = sourcecode.swift; path = Transition.swift; sourceTree = "<group>"; };
		24DA4C3728D94D46003D6132 /* PostsVc.swift */ = {isa = PBXFileReference; lastKnownFileType = sourcecode.swift; path = PostsVc.swift; sourceTree = "<group>"; };
		24DA4C3928D94D66003D6132 /* PostsReactor.swift */ = {isa = PBXFileReference; lastKnownFileType = sourcecode.swift; path = PostsReactor.swift; sourceTree = "<group>"; };
		24DA4C3B28D9AAF6003D6132 /* UIView+.swift */ = {isa = PBXFileReference; lastKnownFileType = sourcecode.swift; path = "UIView+.swift"; sourceTree = "<group>"; };
		24F1322E28DBF51E00F132A3 /* ScribbleVc.swift */ = {isa = PBXFileReference; lastKnownFileType = sourcecode.swift; path = ScribbleVc.swift; sourceTree = "<group>"; };
		24F1323028DBF55500F132A3 /* ScribbleReactor.swift */ = {isa = PBXFileReference; lastKnownFileType = sourcecode.swift; path = ScribbleReactor.swift; sourceTree = "<group>"; };
		24F1323328E06F5000F132A3 /* UIScrollview+.swift */ = {isa = PBXFileReference; lastKnownFileType = sourcecode.swift; path = "UIScrollview+.swift"; sourceTree = "<group>"; };
		254A9053EBE0782EFA587264 /* Pods-mohasemTests.debug.xcconfig */ = {isa = PBXFileReference; includeInIndex = 1; lastKnownFileType = text.xcconfig; name = "Pods-mohasemTests.debug.xcconfig"; path = "Target Support Files/Pods-mohasemTests/Pods-mohasemTests.debug.xcconfig"; sourceTree = "<group>"; };
		2F6CC1BEAF50D17F2D4BD015 /* Pods-mohasem.debug.xcconfig */ = {isa = PBXFileReference; includeInIndex = 1; lastKnownFileType = text.xcconfig; name = "Pods-mohasem.debug.xcconfig"; path = "Target Support Files/Pods-mohasem/Pods-mohasem.debug.xcconfig"; sourceTree = "<group>"; };
		3A9008017CEFC5B944CDDEF8 /* Pods-mohano.release.xcconfig */ = {isa = PBXFileReference; includeInIndex = 1; lastKnownFileType = text.xcconfig; name = "Pods-mohano.release.xcconfig"; path = "Target Support Files/Pods-mohano/Pods-mohano.release.xcconfig"; sourceTree = "<group>"; };
		6983E14B82059BC93F016C5E /* Pods_mohasemTests.framework */ = {isa = PBXFileReference; explicitFileType = wrapper.framework; includeInIndex = 0; path = Pods_mohasemTests.framework; sourceTree = BUILT_PRODUCTS_DIR; };
		7DC5AF22851ADC59A7133943 /* Pods-mohano.debug.xcconfig */ = {isa = PBXFileReference; includeInIndex = 1; lastKnownFileType = text.xcconfig; name = "Pods-mohano.debug.xcconfig"; path = "Target Support Files/Pods-mohano/Pods-mohano.debug.xcconfig"; sourceTree = "<group>"; };
		8D801429AD0E4129C3E47D42 /* Pods-mohano-mohanoUITests.debug.xcconfig */ = {isa = PBXFileReference; includeInIndex = 1; lastKnownFileType = text.xcconfig; name = "Pods-mohano-mohanoUITests.debug.xcconfig"; path = "Target Support Files/Pods-mohano-mohanoUITests/Pods-mohano-mohanoUITests.debug.xcconfig"; sourceTree = "<group>"; };
		B8950A63F3FFF9786DB2598A /* Pods_mohasem.framework */ = {isa = PBXFileReference; explicitFileType = wrapper.framework; includeInIndex = 0; path = Pods_mohasem.framework; sourceTree = BUILT_PRODUCTS_DIR; };
		CFB642332F817A82F44C0A94 /* Pods-mohanoTests.debug.xcconfig */ = {isa = PBXFileReference; includeInIndex = 1; lastKnownFileType = text.xcconfig; name = "Pods-mohanoTests.debug.xcconfig"; path = "Target Support Files/Pods-mohanoTests/Pods-mohanoTests.debug.xcconfig"; sourceTree = "<group>"; };
		EA02E460F79074B083E20150 /* Pods-mohasem-mohasemUITests.release.xcconfig */ = {isa = PBXFileReference; includeInIndex = 1; lastKnownFileType = text.xcconfig; name = "Pods-mohasem-mohasemUITests.release.xcconfig"; path = "Target Support Files/Pods-mohasem-mohasemUITests/Pods-mohasem-mohasemUITests.release.xcconfig"; sourceTree = "<group>"; };
		F6B1F9756C45EADBEC924EAD /* Pods-mohano-mohanoUITests.release.xcconfig */ = {isa = PBXFileReference; includeInIndex = 1; lastKnownFileType = text.xcconfig; name = "Pods-mohano-mohanoUITests.release.xcconfig"; path = "Target Support Files/Pods-mohano-mohanoUITests/Pods-mohano-mohanoUITests.release.xcconfig"; sourceTree = "<group>"; };
		FB1F90B66C326407A533336D /* Pods-mohasemTests.release.xcconfig */ = {isa = PBXFileReference; includeInIndex = 1; lastKnownFileType = text.xcconfig; name = "Pods-mohasemTests.release.xcconfig"; path = "Target Support Files/Pods-mohasemTests/Pods-mohasemTests.release.xcconfig"; sourceTree = "<group>"; };
		FF4EF782A55BF789A9446429 /* Pods-mohanoTests.release.xcconfig */ = {isa = PBXFileReference; includeInIndex = 1; lastKnownFileType = text.xcconfig; name = "Pods-mohanoTests.release.xcconfig"; path = "Target Support Files/Pods-mohanoTests/Pods-mohanoTests.release.xcconfig"; sourceTree = "<group>"; };
/* End PBXFileReference section */

/* Begin PBXFrameworksBuildPhase section */
		241390D028C1DD8500FA1810 /* Frameworks */ = {
			isa = PBXFrameworksBuildPhase;
			buildActionMask = 2147483647;
			files = (
				537FD32E2A359D14362FBF86 /* Pods_mohasem.framework in Frameworks */,
			);
			runOnlyForDeploymentPostprocessing = 0;
		};
		241390E928C1DD8700FA1810 /* Frameworks */ = {
			isa = PBXFrameworksBuildPhase;
			buildActionMask = 2147483647;
			files = (
				8B7F6BDB8479BCAD65AC6B54 /* Pods_mohasemTests.framework in Frameworks */,
			);
			runOnlyForDeploymentPostprocessing = 0;
		};
		241390F328C1DD8700FA1810 /* Frameworks */ = {
			isa = PBXFrameworksBuildPhase;
			buildActionMask = 2147483647;
			files = (
				BD5D043C353C37B311E1A558 /* Pods_mohasem_mohasemUITests.framework in Frameworks */,
			);
			runOnlyForDeploymentPostprocessing = 0;
		};
/* End PBXFrameworksBuildPhase section */

/* Begin PBXGroup section */
		241390CA28C1DD8500FA1810 = {
			isa = PBXGroup;
			children = (
				241390D528C1DD8500FA1810 /* mohasem */,
				241390EF28C1DD8700FA1810 /* mohasemTests */,
				241390F928C1DD8700FA1810 /* mohasemUITests */,
				241390D428C1DD8500FA1810 /* Products */,
				FCFF1D9D4AA1E013FB717C8D /* Pods */,
				AA5047CEB44B63B99B18430F /* Frameworks */,
			);
			sourceTree = "<group>";
		};
		241390D428C1DD8500FA1810 /* Products */ = {
			isa = PBXGroup;
			children = (
				241390D328C1DD8500FA1810 /* mohasem.app */,
				241390EC28C1DD8700FA1810 /* mohasemTests.xctest */,
				241390F628C1DD8700FA1810 /* mohasemUITests.xctest */,
			);
			name = Products;
			sourceTree = "<group>";
		};
		241390D528C1DD8500FA1810 /* mohasem */ = {
			isa = PBXGroup;
			children = (
				2413910B28C1E00C00FA1810 /* Models */,
				2413910A28C1E00600FA1810 /* ViewModels */,
				2413910928C1DFFA00FA1810 /* ViewControllers */,
				24B5810D28D327FD0082A1E2 /* Scene */,
				247F4A4228D2BDB30021E38C /* Auth */,
				2413910C28C1E02600FA1810 /* Items */,
				2413911A28C3549600FA1810 /* Extensions */,
				24599F3828CD5A1400AB62AD /* Fonts */,
				241390D628C1DD8500FA1810 /* AppDelegate.swift */,
				241390D828C1DD8500FA1810 /* SceneDelegate.swift */,
				241390E228C1DD8600FA1810 /* Assets.xcassets */,
				241390E428C1DD8600FA1810 /* LaunchScreen.storyboard */,
				241390E728C1DD8600FA1810 /* Info.plist */,
				241390DF28C1DD8500FA1810 /* mohano.xcdatamodeld */,
			);
			path = mohasem;
			sourceTree = "<group>";
		};
		241390EF28C1DD8700FA1810 /* mohasemTests */ = {
			isa = PBXGroup;
			children = (
				241390F028C1DD8700FA1810 /* mohasemTests.swift */,
			);
			path = mohasemTests;
			sourceTree = "<group>";
		};
		241390F928C1DD8700FA1810 /* mohasemUITests */ = {
			isa = PBXGroup;
			children = (
				241390FA28C1DD8700FA1810 /* mohasemUITests.swift */,
				241390FC28C1DD8700FA1810 /* mohasemUITestsLaunchTests.swift */,
			);
			path = mohasemUITests;
			sourceTree = "<group>";
		};
		2413910928C1DFFA00FA1810 /* ViewControllers */ = {
			isa = PBXGroup;
			children = (
				2413910E28C1E07C00FA1810 /* MainVc.swift */,
				2413911D28C576B900FA1810 /* HomeVc.swift */,
				24599F3428CD550100AB62AD /* SigninVc.swift */,
				24DA4C3728D94D46003D6132 /* PostsVc.swift */,
				24F1322E28DBF51E00F132A3 /* ScribbleVc.swift */,
			);
			path = ViewControllers;
			sourceTree = "<group>";
		};
		2413910A28C1E00600FA1810 /* ViewModels */ = {
			isa = PBXGroup;
			children = (
				2413911028C1E09A00FA1810 /* MainReactor.swift */,
				2413911F28C5772300FA1810 /* HomeReactor.swift */,
				24599F3628CD562B00AB62AD /* SigninReactor.swift */,
				24DA4C3928D94D66003D6132 /* PostsReactor.swift */,
				24F1323028DBF55500F132A3 /* ScribbleReactor.swift */,
			);
			path = ViewModels;
			sourceTree = "<group>";
		};
		2413910B28C1E00C00FA1810 /* Models */ = {
			isa = PBXGroup;
			children = (
				2413911428C3509F00FA1810 /* Weather.swift */,
				24599F2328C6263500AB62AD /* Post.swift */,
				24599F3228C88F5400AB62AD /* Scribble.swift */,
			);
			path = Models;
			sourceTree = "<group>";
		};
		2413910C28C1E02600FA1810 /* Items */ = {
			isa = PBXGroup;
			children = (
				24599F2928C8224600AB62AD /* GroupView.swift */,
				2413911228C3504C00FA1810 /* GreetingsView.swift */,
				24599F3D28CD77F300AB62AD /* UnderlineTextField.swift */,
				24599F2028C625CB00AB62AD /* Post */,
				24599F2D28C87B4D00AB62AD /* Scribble */,
			);
			path = Items;
			sourceTree = "<group>";
		};
		2413911A28C3549600FA1810 /* Extensions */ = {
			isa = PBXGroup;
			children = (
				24599F2728C73E1300AB62AD /* Date+.swift */,
				2413911B28C3549600FA1810 /* UIImageView+.swift */,
				24B5811228D421220082A1E2 /* UIViewController+.swift */,
				24DA4C3B28D9AAF6003D6132 /* UIView+.swift */,
				24F1323328E06F5000F132A3 /* UIScrollview+.swift */,
			);
			path = Extensions;
			sourceTree = "<group>";
		};
		24599F2028C625CB00AB62AD /* Post */ = {
			isa = PBXGroup;
			children = (
				24599F2128C625E800AB62AD /* PostView.swift */,
				24599F2B28C875FB00AB62AD /* PostBoard.swift */,
			);
			path = Post;
			sourceTree = "<group>";
		};
		24599F2D28C87B4D00AB62AD /* Scribble */ = {
			isa = PBXGroup;
			children = (
				24599F2E28C87B7A00AB62AD /* ScribbleView.swift */,
				24599F3028C87B8200AB62AD /* ScribbleBoard.swift */,
			);
			path = Scribble;
			sourceTree = "<group>";
		};
		24599F3828CD5A1400AB62AD /* Fonts */ = {
			isa = PBXGroup;
			children = (
				24599F3F28D1C23C00AB62AD /* KOTRA-HOPE.ttf */,
			);
			path = Fonts;
			sourceTree = "<group>";
		};
		247F4A4228D2BDB30021E38C /* Auth */ = {
			isa = PBXGroup;
			children = (
				247F4A4328D2BDD20021E38C /* Auth.swift */,
			);
			path = Auth;
			sourceTree = "<group>";
		};
		24B5810D28D327FD0082A1E2 /* Scene */ = {
			isa = PBXGroup;
			children = (
				2413912128C577FE00FA1810 /* Scenes.swift */,
				24B5810E28D41E1C0082A1E2 /* SceneCoordinator.swift */,
				24B5811428D42C3A0082A1E2 /* Transition.swift */,
			);
			path = Scene;
			sourceTree = "<group>";
		};
		AA5047CEB44B63B99B18430F /* Frameworks */ = {
			isa = PBXGroup;
			children = (
				B8950A63F3FFF9786DB2598A /* Pods_mohasem.framework */,
				028A0146AC60FA7A20A13884 /* Pods_mohasem_mohasemUITests.framework */,
				6983E14B82059BC93F016C5E /* Pods_mohasemTests.framework */,
			);
			name = Frameworks;
			sourceTree = "<group>";
		};
		FCFF1D9D4AA1E013FB717C8D /* Pods */ = {
			isa = PBXGroup;
			children = (
				7DC5AF22851ADC59A7133943 /* Pods-mohano.debug.xcconfig */,
				3A9008017CEFC5B944CDDEF8 /* Pods-mohano.release.xcconfig */,
				8D801429AD0E4129C3E47D42 /* Pods-mohano-mohanoUITests.debug.xcconfig */,
				F6B1F9756C45EADBEC924EAD /* Pods-mohano-mohanoUITests.release.xcconfig */,
				CFB642332F817A82F44C0A94 /* Pods-mohanoTests.debug.xcconfig */,
				FF4EF782A55BF789A9446429 /* Pods-mohanoTests.release.xcconfig */,
				2F6CC1BEAF50D17F2D4BD015 /* Pods-mohasem.debug.xcconfig */,
				0400D9AE3BDC23406FF8B5FA /* Pods-mohasem.release.xcconfig */,
				0F0EF128F85E835F3B1C9BA9 /* Pods-mohasem-mohasemUITests.debug.xcconfig */,
				EA02E460F79074B083E20150 /* Pods-mohasem-mohasemUITests.release.xcconfig */,
				254A9053EBE0782EFA587264 /* Pods-mohasemTests.debug.xcconfig */,
				FB1F90B66C326407A533336D /* Pods-mohasemTests.release.xcconfig */,
			);
			path = Pods;
			sourceTree = "<group>";
		};
/* End PBXGroup section */

/* Begin PBXNativeTarget section */
		241390D228C1DD8500FA1810 /* mohasem */ = {
			isa = PBXNativeTarget;
			buildConfigurationList = 2413910028C1DD8700FA1810 /* Build configuration list for PBXNativeTarget "mohasem" */;
			buildPhases = (
				5FC4ABF481CE4E7FC56081AD /* [CP] Check Pods Manifest.lock */,
				241390CF28C1DD8500FA1810 /* Sources */,
				241390D028C1DD8500FA1810 /* Frameworks */,
				241390D128C1DD8500FA1810 /* Resources */,
				1FEAD58D4365B0E58251891D /* [CP] Embed Pods Frameworks */,
			);
			buildRules = (
			);
			dependencies = (
			);
			name = mohasem;
			productName = mohano;
			productReference = 241390D328C1DD8500FA1810 /* mohasem.app */;
			productType = "com.apple.product-type.application";
		};
		241390EB28C1DD8700FA1810 /* mohasemTests */ = {
			isa = PBXNativeTarget;
			buildConfigurationList = 2413910328C1DD8700FA1810 /* Build configuration list for PBXNativeTarget "mohasemTests" */;
			buildPhases = (
				2D4B811214E22A122D4DA739 /* [CP] Check Pods Manifest.lock */,
				241390E828C1DD8700FA1810 /* Sources */,
				241390E928C1DD8700FA1810 /* Frameworks */,
				241390EA28C1DD8700FA1810 /* Resources */,
			);
			buildRules = (
			);
			dependencies = (
				241390EE28C1DD8700FA1810 /* PBXTargetDependency */,
			);
			name = mohasemTests;
			productName = mohanoTests;
			productReference = 241390EC28C1DD8700FA1810 /* mohasemTests.xctest */;
			productType = "com.apple.product-type.bundle.unit-test";
		};
		241390F528C1DD8700FA1810 /* mohasemUITests */ = {
			isa = PBXNativeTarget;
			buildConfigurationList = 2413910628C1DD8700FA1810 /* Build configuration list for PBXNativeTarget "mohasemUITests" */;
			buildPhases = (
				6A4EC4FC170D340373F7C1E6 /* [CP] Check Pods Manifest.lock */,
				241390F228C1DD8700FA1810 /* Sources */,
				241390F328C1DD8700FA1810 /* Frameworks */,
				241390F428C1DD8700FA1810 /* Resources */,
				B00AB9B65F49AB349FF8457D /* [CP] Embed Pods Frameworks */,
			);
			buildRules = (
			);
			dependencies = (
				241390F828C1DD8700FA1810 /* PBXTargetDependency */,
			);
			name = mohasemUITests;
			productName = mohanoUITests;
			productReference = 241390F628C1DD8700FA1810 /* mohasemUITests.xctest */;
			productType = "com.apple.product-type.bundle.ui-testing";
		};
/* End PBXNativeTarget section */

/* Begin PBXProject section */
		241390CB28C1DD8500FA1810 /* Project object */ = {
			isa = PBXProject;
			attributes = {
				BuildIndependentTargetsInParallel = 1;
				LastSwiftUpdateCheck = 1340;
				LastUpgradeCheck = 1340;
				TargetAttributes = {
					241390D228C1DD8500FA1810 = {
						CreatedOnToolsVersion = 13.4.1;
					};
					241390EB28C1DD8700FA1810 = {
						CreatedOnToolsVersion = 13.4.1;
						TestTargetID = 241390D228C1DD8500FA1810;
					};
					241390F528C1DD8700FA1810 = {
						CreatedOnToolsVersion = 13.4.1;
						TestTargetID = 241390D228C1DD8500FA1810;
					};
				};
			};
			buildConfigurationList = 241390CE28C1DD8500FA1810 /* Build configuration list for PBXProject "mohasem" */;
			compatibilityVersion = "Xcode 13.0";
			developmentRegion = en;
			hasScannedForEncodings = 0;
			knownRegions = (
				en,
				Base,
			);
			mainGroup = 241390CA28C1DD8500FA1810;
			productRefGroup = 241390D428C1DD8500FA1810 /* Products */;
			projectDirPath = "";
			projectRoot = "";
			targets = (
				241390D228C1DD8500FA1810 /* mohasem */,
				241390EB28C1DD8700FA1810 /* mohasemTests */,
				241390F528C1DD8700FA1810 /* mohasemUITests */,
			);
		};
/* End PBXProject section */

/* Begin PBXResourcesBuildPhase section */
		241390D128C1DD8500FA1810 /* Resources */ = {
			isa = PBXResourcesBuildPhase;
			buildActionMask = 2147483647;
			files = (
				24599F4028D1C23C00AB62AD /* KOTRA-HOPE.ttf in Resources */,
				241390E628C1DD8600FA1810 /* LaunchScreen.storyboard in Resources */,
				241390E328C1DD8600FA1810 /* Assets.xcassets in Resources */,
			);
			runOnlyForDeploymentPostprocessing = 0;
		};
		241390EA28C1DD8700FA1810 /* Resources */ = {
			isa = PBXResourcesBuildPhase;
			buildActionMask = 2147483647;
			files = (
			);
			runOnlyForDeploymentPostprocessing = 0;
		};
		241390F428C1DD8700FA1810 /* Resources */ = {
			isa = PBXResourcesBuildPhase;
			buildActionMask = 2147483647;
			files = (
			);
			runOnlyForDeploymentPostprocessing = 0;
		};
/* End PBXResourcesBuildPhase section */

/* Begin PBXShellScriptBuildPhase section */
		1FEAD58D4365B0E58251891D /* [CP] Embed Pods Frameworks */ = {
			isa = PBXShellScriptBuildPhase;
			buildActionMask = 2147483647;
			files = (
			);
			inputFileListPaths = (
				"${PODS_ROOT}/Target Support Files/Pods-mohasem/Pods-mohasem-frameworks-${CONFIGURATION}-input-files.xcfilelist",
			);
			name = "[CP] Embed Pods Frameworks";
			outputFileListPaths = (
				"${PODS_ROOT}/Target Support Files/Pods-mohasem/Pods-mohasem-frameworks-${CONFIGURATION}-output-files.xcfilelist",
			);
			runOnlyForDeploymentPostprocessing = 0;
			shellPath = /bin/sh;
			shellScript = "\"${PODS_ROOT}/Target Support Files/Pods-mohasem/Pods-mohasem-frameworks.sh\"\n";
			showEnvVarsInLog = 0;
		};
		2D4B811214E22A122D4DA739 /* [CP] Check Pods Manifest.lock */ = {
			isa = PBXShellScriptBuildPhase;
			buildActionMask = 2147483647;
			files = (
			);
			inputFileListPaths = (
			);
			inputPaths = (
				"${PODS_PODFILE_DIR_PATH}/Podfile.lock",
				"${PODS_ROOT}/Manifest.lock",
			);
			name = "[CP] Check Pods Manifest.lock";
			outputFileListPaths = (
			);
			outputPaths = (
				"$(DERIVED_FILE_DIR)/Pods-mohasemTests-checkManifestLockResult.txt",
			);
			runOnlyForDeploymentPostprocessing = 0;
			shellPath = /bin/sh;
			shellScript = "diff \"${PODS_PODFILE_DIR_PATH}/Podfile.lock\" \"${PODS_ROOT}/Manifest.lock\" > /dev/null\nif [ $? != 0 ] ; then\n    # print error to STDERR\n    echo \"error: The sandbox is not in sync with the Podfile.lock. Run 'pod install' or update your CocoaPods installation.\" >&2\n    exit 1\nfi\n# This output is used by Xcode 'outputs' to avoid re-running this script phase.\necho \"SUCCESS\" > \"${SCRIPT_OUTPUT_FILE_0}\"\n";
			showEnvVarsInLog = 0;
		};
		5FC4ABF481CE4E7FC56081AD /* [CP] Check Pods Manifest.lock */ = {
			isa = PBXShellScriptBuildPhase;
			buildActionMask = 2147483647;
			files = (
			);
			inputFileListPaths = (
			);
			inputPaths = (
				"${PODS_PODFILE_DIR_PATH}/Podfile.lock",
				"${PODS_ROOT}/Manifest.lock",
			);
			name = "[CP] Check Pods Manifest.lock";
			outputFileListPaths = (
			);
			outputPaths = (
				"$(DERIVED_FILE_DIR)/Pods-mohasem-checkManifestLockResult.txt",
			);
			runOnlyForDeploymentPostprocessing = 0;
			shellPath = /bin/sh;
			shellScript = "diff \"${PODS_PODFILE_DIR_PATH}/Podfile.lock\" \"${PODS_ROOT}/Manifest.lock\" > /dev/null\nif [ $? != 0 ] ; then\n    # print error to STDERR\n    echo \"error: The sandbox is not in sync with the Podfile.lock. Run 'pod install' or update your CocoaPods installation.\" >&2\n    exit 1\nfi\n# This output is used by Xcode 'outputs' to avoid re-running this script phase.\necho \"SUCCESS\" > \"${SCRIPT_OUTPUT_FILE_0}\"\n";
			showEnvVarsInLog = 0;
		};
		6A4EC4FC170D340373F7C1E6 /* [CP] Check Pods Manifest.lock */ = {
			isa = PBXShellScriptBuildPhase;
			buildActionMask = 2147483647;
			files = (
			);
			inputFileListPaths = (
			);
			inputPaths = (
				"${PODS_PODFILE_DIR_PATH}/Podfile.lock",
				"${PODS_ROOT}/Manifest.lock",
			);
			name = "[CP] Check Pods Manifest.lock";
			outputFileListPaths = (
			);
			outputPaths = (
				"$(DERIVED_FILE_DIR)/Pods-mohasem-mohasemUITests-checkManifestLockResult.txt",
			);
			runOnlyForDeploymentPostprocessing = 0;
			shellPath = /bin/sh;
			shellScript = "diff \"${PODS_PODFILE_DIR_PATH}/Podfile.lock\" \"${PODS_ROOT}/Manifest.lock\" > /dev/null\nif [ $? != 0 ] ; then\n    # print error to STDERR\n    echo \"error: The sandbox is not in sync with the Podfile.lock. Run 'pod install' or update your CocoaPods installation.\" >&2\n    exit 1\nfi\n# This output is used by Xcode 'outputs' to avoid re-running this script phase.\necho \"SUCCESS\" > \"${SCRIPT_OUTPUT_FILE_0}\"\n";
			showEnvVarsInLog = 0;
		};
		B00AB9B65F49AB349FF8457D /* [CP] Embed Pods Frameworks */ = {
			isa = PBXShellScriptBuildPhase;
			buildActionMask = 2147483647;
			files = (
			);
			inputFileListPaths = (
				"${PODS_ROOT}/Target Support Files/Pods-mohasem-mohasemUITests/Pods-mohasem-mohasemUITests-frameworks-${CONFIGURATION}-input-files.xcfilelist",
			);
			name = "[CP] Embed Pods Frameworks";
			outputFileListPaths = (
				"${PODS_ROOT}/Target Support Files/Pods-mohasem-mohasemUITests/Pods-mohasem-mohasemUITests-frameworks-${CONFIGURATION}-output-files.xcfilelist",
			);
			runOnlyForDeploymentPostprocessing = 0;
			shellPath = /bin/sh;
			shellScript = "\"${PODS_ROOT}/Target Support Files/Pods-mohasem-mohasemUITests/Pods-mohasem-mohasemUITests-frameworks.sh\"\n";
			showEnvVarsInLog = 0;
		};
/* End PBXShellScriptBuildPhase section */

/* Begin PBXSourcesBuildPhase section */
		241390CF28C1DD8500FA1810 /* Sources */ = {
			isa = PBXSourcesBuildPhase;
			buildActionMask = 2147483647;
			files = (
				24599F3328C88F5400AB62AD /* Scribble.swift in Sources */,
				24F1323428E06F5000F132A3 /* UIScrollview+.swift in Sources */,
				2413911128C1E09A00FA1810 /* MainReactor.swift in Sources */,
				24DA4C3828D94D46003D6132 /* PostsVc.swift in Sources */,
				24599F3528CD550100AB62AD /* SigninVc.swift in Sources */,
				24F1322F28DBF51E00F132A3 /* ScribbleVc.swift in Sources */,
				24B5810F28D41E1C0082A1E2 /* SceneCoordinator.swift in Sources */,
				24599F2F28C87B7A00AB62AD /* ScribbleView.swift in Sources */,
				24599F3E28CD77F300AB62AD /* UnderlineTextField.swift in Sources */,
				24599F3128C87B8200AB62AD /* ScribbleBoard.swift in Sources */,
				241390E128C1DD8500FA1810 /* mohano.xcdatamodeld in Sources */,
				24599F2A28C8224600AB62AD /* GroupView.swift in Sources */,
				2413912228C577FE00FA1810 /* Scenes.swift in Sources */,
				241390D728C1DD8500FA1810 /* AppDelegate.swift in Sources */,
				24599F3728CD562B00AB62AD /* SigninReactor.swift in Sources */,
				24599F2428C6263500AB62AD /* Post.swift in Sources */,
				2413912028C5772300FA1810 /* HomeReactor.swift in Sources */,
				247F4A4428D2BDD20021E38C /* Auth.swift in Sources */,
				2413911E28C576B900FA1810 /* HomeVc.swift in Sources */,
				24599F2C28C875FB00AB62AD /* PostBoard.swift in Sources */,
				24F1323128DBF55500F132A3 /* ScribbleReactor.swift in Sources */,
				24DA4C3A28D94D66003D6132 /* PostsReactor.swift in Sources */,
				24B5811328D421220082A1E2 /* UIViewController+.swift in Sources */,
				24599F2828C73E1300AB62AD /* Date+.swift in Sources */,
				2413910F28C1E07C00FA1810 /* MainVc.swift in Sources */,
				2413911C28C3549600FA1810 /* UIImageView+.swift in Sources */,
				241390D928C1DD8500FA1810 /* SceneDelegate.swift in Sources */,
				24DA4C3C28D9AAF6003D6132 /* UIView+.swift in Sources */,
				24B5811528D42C3A0082A1E2 /* Transition.swift in Sources */,
				2413911328C3504C00FA1810 /* GreetingsView.swift in Sources */,
				24599F2228C625E800AB62AD /* PostView.swift in Sources */,
				2413911528C3509F00FA1810 /* Weather.swift in Sources */,
			);
			runOnlyForDeploymentPostprocessing = 0;
		};
		241390E828C1DD8700FA1810 /* Sources */ = {
			isa = PBXSourcesBuildPhase;
			buildActionMask = 2147483647;
			files = (
				241390F128C1DD8700FA1810 /* mohasemTests.swift in Sources */,
			);
			runOnlyForDeploymentPostprocessing = 0;
		};
		241390F228C1DD8700FA1810 /* Sources */ = {
			isa = PBXSourcesBuildPhase;
			buildActionMask = 2147483647;
			files = (
				241390FD28C1DD8700FA1810 /* mohasemUITestsLaunchTests.swift in Sources */,
				241390FB28C1DD8700FA1810 /* mohasemUITests.swift in Sources */,
			);
			runOnlyForDeploymentPostprocessing = 0;
		};
/* End PBXSourcesBuildPhase section */

/* Begin PBXTargetDependency section */
		241390EE28C1DD8700FA1810 /* PBXTargetDependency */ = {
			isa = PBXTargetDependency;
			target = 241390D228C1DD8500FA1810 /* mohasem */;
			targetProxy = 241390ED28C1DD8700FA1810 /* PBXContainerItemProxy */;
		};
		241390F828C1DD8700FA1810 /* PBXTargetDependency */ = {
			isa = PBXTargetDependency;
			target = 241390D228C1DD8500FA1810 /* mohasem */;
			targetProxy = 241390F728C1DD8700FA1810 /* PBXContainerItemProxy */;
		};
/* End PBXTargetDependency section */

/* Begin PBXVariantGroup section */
		241390E428C1DD8600FA1810 /* LaunchScreen.storyboard */ = {
			isa = PBXVariantGroup;
			children = (
				241390E528C1DD8600FA1810 /* Base */,
			);
			name = LaunchScreen.storyboard;
			sourceTree = "<group>";
		};
/* End PBXVariantGroup section */

/* Begin XCBuildConfiguration section */
		241390FE28C1DD8700FA1810 /* Debug */ = {
			isa = XCBuildConfiguration;
			buildSettings = {
				ALWAYS_SEARCH_USER_PATHS = NO;
				CLANG_ANALYZER_NONNULL = YES;
				CLANG_ANALYZER_NUMBER_OBJECT_CONVERSION = YES_AGGRESSIVE;
				CLANG_CXX_LANGUAGE_STANDARD = "gnu++17";
				CLANG_ENABLE_MODULES = YES;
				CLANG_ENABLE_OBJC_ARC = YES;
				CLANG_ENABLE_OBJC_WEAK = YES;
				CLANG_WARN_BLOCK_CAPTURE_AUTORELEASING = YES;
				CLANG_WARN_BOOL_CONVERSION = YES;
				CLANG_WARN_COMMA = YES;
				CLANG_WARN_CONSTANT_CONVERSION = YES;
				CLANG_WARN_DEPRECATED_OBJC_IMPLEMENTATIONS = YES;
				CLANG_WARN_DIRECT_OBJC_ISA_USAGE = YES_ERROR;
				CLANG_WARN_DOCUMENTATION_COMMENTS = YES;
				CLANG_WARN_EMPTY_BODY = YES;
				CLANG_WARN_ENUM_CONVERSION = YES;
				CLANG_WARN_INFINITE_RECURSION = YES;
				CLANG_WARN_INT_CONVERSION = YES;
				CLANG_WARN_NON_LITERAL_NULL_CONVERSION = YES;
				CLANG_WARN_OBJC_IMPLICIT_RETAIN_SELF = YES;
				CLANG_WARN_OBJC_LITERAL_CONVERSION = YES;
				CLANG_WARN_OBJC_ROOT_CLASS = YES_ERROR;
				CLANG_WARN_QUOTED_INCLUDE_IN_FRAMEWORK_HEADER = YES;
				CLANG_WARN_RANGE_LOOP_ANALYSIS = YES;
				CLANG_WARN_STRICT_PROTOTYPES = YES;
				CLANG_WARN_SUSPICIOUS_MOVE = YES;
				CLANG_WARN_UNGUARDED_AVAILABILITY = YES_AGGRESSIVE;
				CLANG_WARN_UNREACHABLE_CODE = YES;
				CLANG_WARN__DUPLICATE_METHOD_MATCH = YES;
				COPY_PHASE_STRIP = NO;
				DEBUG_INFORMATION_FORMAT = dwarf;
				ENABLE_STRICT_OBJC_MSGSEND = YES;
				ENABLE_TESTABILITY = YES;
				GCC_C_LANGUAGE_STANDARD = gnu11;
				GCC_DYNAMIC_NO_PIC = NO;
				GCC_NO_COMMON_BLOCKS = YES;
				GCC_OPTIMIZATION_LEVEL = 0;
				GCC_PREPROCESSOR_DEFINITIONS = (
					"DEBUG=1",
					"$(inherited)",
				);
				GCC_WARN_64_TO_32_BIT_CONVERSION = YES;
				GCC_WARN_ABOUT_RETURN_TYPE = YES_ERROR;
				GCC_WARN_UNDECLARED_SELECTOR = YES;
				GCC_WARN_UNINITIALIZED_AUTOS = YES_AGGRESSIVE;
				GCC_WARN_UNUSED_FUNCTION = YES;
				GCC_WARN_UNUSED_VARIABLE = YES;
				IPHONEOS_DEPLOYMENT_TARGET = 15.5;
				MTL_ENABLE_DEBUG_INFO = INCLUDE_SOURCE;
				MTL_FAST_MATH = YES;
				ONLY_ACTIVE_ARCH = YES;
				SDKROOT = iphoneos;
				SWIFT_ACTIVE_COMPILATION_CONDITIONS = DEBUG;
				SWIFT_OPTIMIZATION_LEVEL = "-Onone";
			};
			name = Debug;
		};
		241390FF28C1DD8700FA1810 /* Release */ = {
			isa = XCBuildConfiguration;
			buildSettings = {
				ALWAYS_SEARCH_USER_PATHS = NO;
				CLANG_ANALYZER_NONNULL = YES;
				CLANG_ANALYZER_NUMBER_OBJECT_CONVERSION = YES_AGGRESSIVE;
				CLANG_CXX_LANGUAGE_STANDARD = "gnu++17";
				CLANG_ENABLE_MODULES = YES;
				CLANG_ENABLE_OBJC_ARC = YES;
				CLANG_ENABLE_OBJC_WEAK = YES;
				CLANG_WARN_BLOCK_CAPTURE_AUTORELEASING = YES;
				CLANG_WARN_BOOL_CONVERSION = YES;
				CLANG_WARN_COMMA = YES;
				CLANG_WARN_CONSTANT_CONVERSION = YES;
				CLANG_WARN_DEPRECATED_OBJC_IMPLEMENTATIONS = YES;
				CLANG_WARN_DIRECT_OBJC_ISA_USAGE = YES_ERROR;
				CLANG_WARN_DOCUMENTATION_COMMENTS = YES;
				CLANG_WARN_EMPTY_BODY = YES;
				CLANG_WARN_ENUM_CONVERSION = YES;
				CLANG_WARN_INFINITE_RECURSION = YES;
				CLANG_WARN_INT_CONVERSION = YES;
				CLANG_WARN_NON_LITERAL_NULL_CONVERSION = YES;
				CLANG_WARN_OBJC_IMPLICIT_RETAIN_SELF = YES;
				CLANG_WARN_OBJC_LITERAL_CONVERSION = YES;
				CLANG_WARN_OBJC_ROOT_CLASS = YES_ERROR;
				CLANG_WARN_QUOTED_INCLUDE_IN_FRAMEWORK_HEADER = YES;
				CLANG_WARN_RANGE_LOOP_ANALYSIS = YES;
				CLANG_WARN_STRICT_PROTOTYPES = YES;
				CLANG_WARN_SUSPICIOUS_MOVE = YES;
				CLANG_WARN_UNGUARDED_AVAILABILITY = YES_AGGRESSIVE;
				CLANG_WARN_UNREACHABLE_CODE = YES;
				CLANG_WARN__DUPLICATE_METHOD_MATCH = YES;
				COPY_PHASE_STRIP = NO;
				DEBUG_INFORMATION_FORMAT = "dwarf-with-dsym";
				ENABLE_NS_ASSERTIONS = NO;
				ENABLE_STRICT_OBJC_MSGSEND = YES;
				GCC_C_LANGUAGE_STANDARD = gnu11;
				GCC_NO_COMMON_BLOCKS = YES;
				GCC_WARN_64_TO_32_BIT_CONVERSION = YES;
				GCC_WARN_ABOUT_RETURN_TYPE = YES_ERROR;
				GCC_WARN_UNDECLARED_SELECTOR = YES;
				GCC_WARN_UNINITIALIZED_AUTOS = YES_AGGRESSIVE;
				GCC_WARN_UNUSED_FUNCTION = YES;
				GCC_WARN_UNUSED_VARIABLE = YES;
				IPHONEOS_DEPLOYMENT_TARGET = 15.5;
				MTL_ENABLE_DEBUG_INFO = NO;
				MTL_FAST_MATH = YES;
				SDKROOT = iphoneos;
				SWIFT_COMPILATION_MODE = wholemodule;
				SWIFT_OPTIMIZATION_LEVEL = "-O";
				VALIDATE_PRODUCT = YES;
			};
			name = Release;
		};
		2413910128C1DD8700FA1810 /* Debug */ = {
			isa = XCBuildConfiguration;
			baseConfigurationReference = 2F6CC1BEAF50D17F2D4BD015 /* Pods-mohasem.debug.xcconfig */;
			buildSettings = {
				ASSETCATALOG_COMPILER_APPICON_NAME = AppIcon;
				ASSETCATALOG_COMPILER_GLOBAL_ACCENT_COLOR_NAME = AccentColor;
				CODE_SIGN_STYLE = Automatic;
				CURRENT_PROJECT_VERSION = 1;
				DEVELOPMENT_TEAM = 6TZ3J8GC68;
				GENERATE_INFOPLIST_FILE = YES;
				INFOPLIST_FILE = mohasem/Info.plist;
				INFOPLIST_KEY_UIApplicationSupportsIndirectInputEvents = YES;
				INFOPLIST_KEY_UILaunchStoryboardName = LaunchScreen;
				INFOPLIST_KEY_UISupportedInterfaceOrientations_iPad = "UIInterfaceOrientationPortrait UIInterfaceOrientationPortraitUpsideDown UIInterfaceOrientationLandscapeLeft UIInterfaceOrientationLandscapeRight";
				INFOPLIST_KEY_UISupportedInterfaceOrientations_iPhone = "UIInterfaceOrientationPortrait UIInterfaceOrientationLandscapeLeft UIInterfaceOrientationLandscapeRight";
				LD_RUNPATH_SEARCH_PATHS = (
					"$(inherited)",
					"@executable_path/Frameworks",
				);
				MARKETING_VERSION = 1.0;
				PRODUCT_BUNDLE_IDENTIFIER = com.kwon.mohasem;
				PRODUCT_NAME = "$(TARGET_NAME)";
				SWIFT_EMIT_LOC_STRINGS = YES;
				SWIFT_VERSION = 5.0;
				TARGETED_DEVICE_FAMILY = "1,2";
			};
			name = Debug;
		};
		2413910228C1DD8700FA1810 /* Release */ = {
			isa = XCBuildConfiguration;
			baseConfigurationReference = 0400D9AE3BDC23406FF8B5FA /* Pods-mohasem.release.xcconfig */;
			buildSettings = {
				ASSETCATALOG_COMPILER_APPICON_NAME = AppIcon;
				ASSETCATALOG_COMPILER_GLOBAL_ACCENT_COLOR_NAME = AccentColor;
				CODE_SIGN_STYLE = Automatic;
				CURRENT_PROJECT_VERSION = 1;
				DEVELOPMENT_TEAM = 6TZ3J8GC68;
				GENERATE_INFOPLIST_FILE = YES;
				INFOPLIST_FILE = mohasem/Info.plist;
				INFOPLIST_KEY_UIApplicationSupportsIndirectInputEvents = YES;
				INFOPLIST_KEY_UILaunchStoryboardName = LaunchScreen;
				INFOPLIST_KEY_UISupportedInterfaceOrientations_iPad = "UIInterfaceOrientationPortrait UIInterfaceOrientationPortraitUpsideDown UIInterfaceOrientationLandscapeLeft UIInterfaceOrientationLandscapeRight";
				INFOPLIST_KEY_UISupportedInterfaceOrientations_iPhone = "UIInterfaceOrientationPortrait UIInterfaceOrientationLandscapeLeft UIInterfaceOrientationLandscapeRight";
				LD_RUNPATH_SEARCH_PATHS = (
					"$(inherited)",
					"@executable_path/Frameworks",
				);
				MARKETING_VERSION = 1.0;
				PRODUCT_BUNDLE_IDENTIFIER = com.kwon.mohasem;
				PRODUCT_NAME = "$(TARGET_NAME)";
				SWIFT_EMIT_LOC_STRINGS = YES;
				SWIFT_VERSION = 5.0;
				TARGETED_DEVICE_FAMILY = "1,2";
			};
			name = Release;
		};
		2413910428C1DD8700FA1810 /* Debug */ = {
			isa = XCBuildConfiguration;
			baseConfigurationReference = 254A9053EBE0782EFA587264 /* Pods-mohasemTests.debug.xcconfig */;
			buildSettings = {
				ALWAYS_EMBED_SWIFT_STANDARD_LIBRARIES = YES;
				BUNDLE_LOADER = "$(TEST_HOST)";
				CODE_SIGN_STYLE = Automatic;
				CURRENT_PROJECT_VERSION = 1;
				DEVELOPMENT_TEAM = 6TZ3J8GC68;
				GENERATE_INFOPLIST_FILE = YES;
				IPHONEOS_DEPLOYMENT_TARGET = 15.5;
				MARKETING_VERSION = 1.0;
				PRODUCT_BUNDLE_IDENTIFIER = com.kwon.mohanoTests;
				PRODUCT_NAME = "$(TARGET_NAME)";
				SWIFT_EMIT_LOC_STRINGS = NO;
				SWIFT_VERSION = 5.0;
				TARGETED_DEVICE_FAMILY = "1,2";
				TEST_HOST = "$(BUILT_PRODUCTS_DIR)/mohasem.app/mohasem";
			};
			name = Debug;
		};
		2413910528C1DD8700FA1810 /* Release */ = {
			isa = XCBuildConfiguration;
			baseConfigurationReference = FB1F90B66C326407A533336D /* Pods-mohasemTests.release.xcconfig */;
			buildSettings = {
				ALWAYS_EMBED_SWIFT_STANDARD_LIBRARIES = YES;
				BUNDLE_LOADER = "$(TEST_HOST)";
				CODE_SIGN_STYLE = Automatic;
				CURRENT_PROJECT_VERSION = 1;
				DEVELOPMENT_TEAM = 6TZ3J8GC68;
				GENERATE_INFOPLIST_FILE = YES;
				IPHONEOS_DEPLOYMENT_TARGET = 15.5;
				MARKETING_VERSION = 1.0;
				PRODUCT_BUNDLE_IDENTIFIER = com.kwon.mohanoTests;
				PRODUCT_NAME = "$(TARGET_NAME)";
				SWIFT_EMIT_LOC_STRINGS = NO;
				SWIFT_VERSION = 5.0;
				TARGETED_DEVICE_FAMILY = "1,2";
				TEST_HOST = "$(BUILT_PRODUCTS_DIR)/mohasem.app/mohasem";
			};
			name = Release;
		};
		2413910728C1DD8700FA1810 /* Debug */ = {
			isa = XCBuildConfiguration;
			baseConfigurationReference = 0F0EF128F85E835F3B1C9BA9 /* Pods-mohasem-mohasemUITests.debug.xcconfig */;
			buildSettings = {
				ALWAYS_EMBED_SWIFT_STANDARD_LIBRARIES = YES;
				CODE_SIGN_STYLE = Automatic;
				CURRENT_PROJECT_VERSION = 1;
				DEVELOPMENT_TEAM = 6TZ3J8GC68;
				GENERATE_INFOPLIST_FILE = YES;
				MARKETING_VERSION = 1.0;
				PRODUCT_BUNDLE_IDENTIFIER = com.kwon.mohanoUITests;
				PRODUCT_NAME = "$(TARGET_NAME)";
				SWIFT_EMIT_LOC_STRINGS = NO;
				SWIFT_VERSION = 5.0;
				TARGETED_DEVICE_FAMILY = "1,2";
				TEST_TARGET_NAME = mohano;
			};
			name = Debug;
		};
		2413910828C1DD8700FA1810 /* Release */ = {
			isa = XCBuildConfiguration;
			baseConfigurationReference = EA02E460F79074B083E20150 /* Pods-mohasem-mohasemUITests.release.xcconfig */;
			buildSettings = {
				ALWAYS_EMBED_SWIFT_STANDARD_LIBRARIES = YES;
				CODE_SIGN_STYLE = Automatic;
				CURRENT_PROJECT_VERSION = 1;
				DEVELOPMENT_TEAM = 6TZ3J8GC68;
				GENERATE_INFOPLIST_FILE = YES;
				MARKETING_VERSION = 1.0;
				PRODUCT_BUNDLE_IDENTIFIER = com.kwon.mohanoUITests;
				PRODUCT_NAME = "$(TARGET_NAME)";
				SWIFT_EMIT_LOC_STRINGS = NO;
				SWIFT_VERSION = 5.0;
				TARGETED_DEVICE_FAMILY = "1,2";
				TEST_TARGET_NAME = mohano;
			};
			name = Release;
		};
/* End XCBuildConfiguration section */

/* Begin XCConfigurationList section */
		241390CE28C1DD8500FA1810 /* Build configuration list for PBXProject "mohasem" */ = {
			isa = XCConfigurationList;
			buildConfigurations = (
				241390FE28C1DD8700FA1810 /* Debug */,
				241390FF28C1DD8700FA1810 /* Release */,
			);
			defaultConfigurationIsVisible = 0;
			defaultConfigurationName = Release;
		};
		2413910028C1DD8700FA1810 /* Build configuration list for PBXNativeTarget "mohasem" */ = {
			isa = XCConfigurationList;
			buildConfigurations = (
				2413910128C1DD8700FA1810 /* Debug */,
				2413910228C1DD8700FA1810 /* Release */,
			);
			defaultConfigurationIsVisible = 0;
			defaultConfigurationName = Release;
		};
		2413910328C1DD8700FA1810 /* Build configuration list for PBXNativeTarget "mohasemTests" */ = {
			isa = XCConfigurationList;
			buildConfigurations = (
				2413910428C1DD8700FA1810 /* Debug */,
				2413910528C1DD8700FA1810 /* Release */,
			);
			defaultConfigurationIsVisible = 0;
			defaultConfigurationName = Release;
		};
		2413910628C1DD8700FA1810 /* Build configuration list for PBXNativeTarget "mohasemUITests" */ = {
			isa = XCConfigurationList;
			buildConfigurations = (
				2413910728C1DD8700FA1810 /* Debug */,
				2413910828C1DD8700FA1810 /* Release */,
			);
			defaultConfigurationIsVisible = 0;
			defaultConfigurationName = Release;
		};
/* End XCConfigurationList section */

/* Begin XCVersionGroup section */
		241390DF28C1DD8500FA1810 /* mohano.xcdatamodeld */ = {
			isa = XCVersionGroup;
			children = (
				241390E028C1DD8500FA1810 /* mohano.xcdatamodel */,
			);
			currentVersion = 241390E028C1DD8500FA1810 /* mohano.xcdatamodel */;
			path = mohano.xcdatamodeld;
			sourceTree = "<group>";
			versionGroupType = wrapper.xcdatamodel;
		};
/* End XCVersionGroup section */
	};
	rootObject = 241390CB28C1DD8500FA1810 /* Project object */;
}
